
Microsoft Visual Studio Solution File, Format Version 12.00
# Visual Studio Version 16
VisualStudioVersion = 16.0.31911.196
MinimumVisualStudioVersion = 10.0.40219.1
Project("{9A19103F-16F7-4668-BE54-9A1E7A4F7556}") = "TeamService", "TeamService\TeamService.csproj", "{06055299-349C-4B85-9E87-7A3E1BF435CB}"
EndProject
Project("{9A19103F-16F7-4668-BE54-9A1E7A4F7556}") = "ProjectService", "ProjectService\ProjectService.csproj", "{4BE42CCD-C17B-4FAC-A95C-BD255855B710}"
EndProject
Project("{E53339B2-1760-4266-BCC7-CA923CBCF16C}") = "docker-compose", "docker-compose.dcproj", "{694F4145-354C-4670-9CB9-A904DFAFBDF1}"
EndProject
Global
	GlobalSection(SolutionConfigurationPlatforms) = preSolution
		Debug|Any CPU = Debug|Any CPU
		Release|Any CPU = Release|Any CPU
	EndGlobalSection
	GlobalSection(ProjectConfigurationPlatforms) = postSolution
		{06055299-349C-4B85-9E87-7A3E1BF435CB}.Debug|Any CPU.ActiveCfg = Debug|Any CPU
		{06055299-349C-4B85-9E87-7A3E1BF435CB}.Debug|Any CPU.Build.0 = Debug|Any CPU
		{06055299-349C-4B85-9E87-7A3E1BF435CB}.Release|Any CPU.ActiveCfg = Release|Any CPU
		{06055299-349C-4B85-9E87-7A3E1BF435CB}.Release|Any CPU.Build.0 = Release|Any CPU
		{4BE42CCD-C17B-4FAC-A95C-BD255855B710}.Debug|Any CPU.ActiveCfg = Debug|Any CPU
		{4BE42CCD-C17B-4FAC-A95C-BD255855B710}.Debug|Any CPU.Build.0 = Debug|Any CPU
		{4BE42CCD-C17B-4FAC-A95C-BD255855B710}.Release|Any CPU.ActiveCfg = Release|Any CPU
		{4BE42CCD-C17B-4FAC-A95C-BD255855B710}.Release|Any CPU.Build.0 = Release|Any CPU
		{694F4145-354C-4670-9CB9-A904DFAFBDF1}.Debug|Any CPU.ActiveCfg = Debug|Any CPU
		{694F4145-354C-4670-9CB9-A904DFAFBDF1}.Debug|Any CPU.Build.0 = Debug|Any CPU
		{694F4145-354C-4670-9CB9-A904DFAFBDF1}.Release|Any CPU.ActiveCfg = Release|Any CPU
		{694F4145-354C-4670-9CB9-A904DFAFBDF1}.Release|Any CPU.Build.0 = Release|Any CPU
	EndGlobalSection
	GlobalSection(SolutionProperties) = preSolution
		HideSolutionNode = FALSE
	EndGlobalSection
	GlobalSection(ExtensibilityGlobals) = postSolution
		SolutionGuid = {6C9BBFDE-8036-4E1B-B82F-FAF88268EBE1}
	EndGlobalSection
EndGlobal
